
Microsoft Visual Studio Solution File, Format Version 12.00
# Visual Studio Version 17
VisualStudioVersion = 17.5.33530.505
MinimumVisualStudioVersion = 10.0.40219.1
Project("{FAE04EC0-301F-11D3-BF4B-00C04F79EFBC}") = "LabirintBackTracking", "LabirintBackTracking\LabirintBackTracking.csproj", "{F981EBF5-56E8-4D8B-81E6-A68390CE0AFB}"
EndProject
Global
	GlobalSection(SolutionConfigurationPlatforms) = preSolution
		Debug|Any CPU = Debug|Any CPU
		Release|Any CPU = Release|Any CPU
	EndGlobalSection
	GlobalSection(ProjectConfigurationPlatforms) = postSolution
		{F981EBF5-56E8-4D8B-81E6-A68390CE0AFB}.Debug|Any CPU.ActiveCfg = Debug|Any CPU
		{F981EBF5-56E8-4D8B-81E6-A68390CE0AFB}.Debug|Any CPU.Build.0 = Debug|Any CPU
		{F981EBF5-56E8-4D8B-81E6-A68390CE0AFB}.Release|Any CPU.ActiveCfg = Release|Any CPU
		{F981EBF5-56E8-4D8B-81E6-A68390CE0AFB}.Release|Any CPU.Build.0 = Release|Any CPU
	EndGlobalSection
	GlobalSection(SolutionProperties) = preSolution
		HideSolutionNode = FALSE
	EndGlobalSection
	GlobalSection(ExtensibilityGlobals) = postSolution
		SolutionGuid = {77B605BF-675C-4607-81DD-088612113A1D}
	EndGlobalSection
EndGlobal
